
Microsoft Visual Studio Solution File, Format Version 12.00
# Visual Studio Version 17
VisualStudioVersion = 17.11.35312.102
MinimumVisualStudioVersion = 10.0.40219.1
Project("{FAE04EC0-301F-11D3-BF4B-00C04F79EFBC}") = "Store4.PIs", "Store4.PIs\Store4.PIs.csproj", "{0AFD3B6D-C420-4560-9AAC-A25D02B516B9}"
EndProject
Project("{FAE04EC0-301F-11D3-BF4B-00C04F79EFBC}") = "Store4.Core", "Store4.Core\Store4.Core.csproj", "{C7505512-30DA-4C48-A89F-0225DD2E723E}"
EndProject
Project("{FAE04EC0-301F-11D3-BF4B-00C04F79EFBC}") = "Store4.Repository", "Store4.Repository\Store4.Repository.csproj", "{DC99CE9F-7303-480B-93F3-8054763C0A9C}"
EndProject
Project("{FAE04EC0-301F-11D3-BF4B-00C04F79EFBC}") = "Store4.Service", "Store4.Service\Store4.Service.csproj", "{C525BB16-E795-440F-9DF5-88A51D9D8D64}"
EndProject
Global
	GlobalSection(SolutionConfigurationPlatforms) = preSolution
		Debug|Any CPU = Debug|Any CPU
		Release|Any CPU = Release|Any CPU
	EndGlobalSection
	GlobalSection(ProjectConfigurationPlatforms) = postSolution
		{0AFD3B6D-C420-4560-9AAC-A25D02B516B9}.Debug|Any CPU.ActiveCfg = Debug|Any CPU
		{0AFD3B6D-C420-4560-9AAC-A25D02B516B9}.Debug|Any CPU.Build.0 = Debug|Any CPU
		{0AFD3B6D-C420-4560-9AAC-A25D02B516B9}.Release|Any CPU.ActiveCfg = Release|Any CPU
		{0AFD3B6D-C420-4560-9AAC-A25D02B516B9}.Release|Any CPU.Build.0 = Release|Any CPU
		{C7505512-30DA-4C48-A89F-0225DD2E723E}.Debug|Any CPU.ActiveCfg = Debug|Any CPU
		{C7505512-30DA-4C48-A89F-0225DD2E723E}.Debug|Any CPU.Build.0 = Debug|Any CPU
		{C7505512-30DA-4C48-A89F-0225DD2E723E}.Release|Any CPU.ActiveCfg = Release|Any CPU
		{C7505512-30DA-4C48-A89F-0225DD2E723E}.Release|Any CPU.Build.0 = Release|Any CPU
		{DC99CE9F-7303-480B-93F3-8054763C0A9C}.Debug|Any CPU.ActiveCfg = Debug|Any CPU
		{DC99CE9F-7303-480B-93F3-8054763C0A9C}.Debug|Any CPU.Build.0 = Debug|Any CPU
		{DC99CE9F-7303-480B-93F3-8054763C0A9C}.Release|Any CPU.ActiveCfg = Release|Any CPU
		{DC99CE9F-7303-480B-93F3-8054763C0A9C}.Release|Any CPU.Build.0 = Release|Any CPU
		{C525BB16-E795-440F-9DF5-88A51D9D8D64}.Debug|Any CPU.ActiveCfg = Debug|Any CPU
		{C525BB16-E795-440F-9DF5-88A51D9D8D64}.Debug|Any CPU.Build.0 = Debug|Any CPU
		{C525BB16-E795-440F-9DF5-88A51D9D8D64}.Release|Any CPU.ActiveCfg = Release|Any CPU
		{C525BB16-E795-440F-9DF5-88A51D9D8D64}.Release|Any CPU.Build.0 = Release|Any CPU
	EndGlobalSection
	GlobalSection(SolutionProperties) = preSolution
		HideSolutionNode = FALSE
	EndGlobalSection
	GlobalSection(ExtensibilityGlobals) = postSolution
		SolutionGuid = {22BEB4A4-99AA-4A91-BEB3-E88367644070}
	EndGlobalSection
EndGlobal
